// !$*UTF8*$!
{
	archiveVersion = 1;
	classes = {
	};
	objectVersion = 50;
	objects = {

/* Begin PBXBuildFile section */
		113AE6C52543D40700A477F7 /* AppDelegate.swift in Sources */ = {isa = PBXBuildFile; fileRef = 113AE6C42543D40700A477F7 /* AppDelegate.swift */; };
		113AE6C72543D40700A477F7 /* SceneDelegate.swift in Sources */ = {isa = PBXBuildFile; fileRef = 113AE6C62543D40700A477F7 /* SceneDelegate.swift */; };
		113AE6C92543D40700A477F7 /* ContentView.swift in Sources */ = {isa = PBXBuildFile; fileRef = 113AE6C82543D40700A477F7 /* ContentView.swift */; };
		113AE6CB2543D40800A477F7 /* Assets.xcassets in Resources */ = {isa = PBXBuildFile; fileRef = 113AE6CA2543D40800A477F7 /* Assets.xcassets */; };
		113AE6CE2543D40800A477F7 /* Preview Assets.xcassets in Resources */ = {isa = PBXBuildFile; fileRef = 113AE6CD2543D40800A477F7 /* Preview Assets.xcassets */; };
		113AE6D12543D40800A477F7 /* LaunchScreen.storyboard in Resources */ = {isa = PBXBuildFile; fileRef = 113AE6CF2543D40800A477F7 /* LaunchScreen.storyboard */; };
		113AE6D92543EAA700A477F7 /* SyncModule.swift in Sources */ = {isa = PBXBuildFile; fileRef = 113AE6D82543EAA700A477F7 /* SyncModule.swift */; };
		113AE6DB2543ED1A00A477F7 /* README.md in Resources */ = {isa = PBXBuildFile; fileRef = 113AE6DA2543ED1A00A477F7 /* README.md */; };
		113AE6DD2543ED8300A477F7 /* Constants.swift in Sources */ = {isa = PBXBuildFile; fileRef = 113AE6DC2543ED8300A477F7 /* Constants.swift */; };
/* End PBXBuildFile section */

/* Begin PBXFileReference section */
		113AE6C12543D40700A477F7 /* FindBottleNeck.app */ = {isa = PBXFileReference; explicitFileType = wrapper.application; includeInIndex = 0; path = FindBottleNeck.app; sourceTree = BUILT_PRODUCTS_DIR; };
		113AE6C42543D40700A477F7 /* AppDelegate.swift */ = {isa = PBXFileReference; lastKnownFileType = sourcecode.swift; path = AppDelegate.swift; sourceTree = "<group>"; };
		113AE6C62543D40700A477F7 /* SceneDelegate.swift */ = {isa = PBXFileReference; lastKnownFileType = sourcecode.swift; path = SceneDelegate.swift; sourceTree = "<group>"; };
		113AE6C82543D40700A477F7 /* ContentView.swift */ = {isa = PBXFileReference; lastKnownFileType = sourcecode.swift; path = ContentView.swift; sourceTree = "<group>"; };
		113AE6CA2543D40800A477F7 /* Assets.xcassets */ = {isa = PBXFileReference; lastKnownFileType = folder.assetcatalog; path = Assets.xcassets; sourceTree = "<group>"; };
		113AE6CD2543D40800A477F7 /* Preview Assets.xcassets */ = {isa = PBXFileReference; lastKnownFileType = folder.assetcatalog; path = "Preview Assets.xcassets"; sourceTree = "<group>"; };
		113AE6D02543D40800A477F7 /* Base */ = {isa = PBXFileReference; lastKnownFileType = file.storyboard; name = Base; path = Base.lproj/LaunchScreen.storyboard; sourceTree = "<group>"; };
		113AE6D22543D40800A477F7 /* Info.plist */ = {isa = PBXFileReference; lastKnownFileType = text.plist.xml; path = Info.plist; sourceTree = "<group>"; };
		113AE6D82543EAA700A477F7 /* SyncModule.swift */ = {isa = PBXFileReference; lastKnownFileType = sourcecode.swift; path = SyncModule.swift; sourceTree = "<group>"; };
		113AE6DA2543ED1A00A477F7 /* README.md */ = {isa = PBXFileReference; fileEncoding = 4; lastKnownFileType = net.daringfireball.markdown; path = README.md; sourceTree = "<group>"; };
		113AE6DC2543ED8300A477F7 /* Constants.swift */ = {isa = PBXFileReference; lastKnownFileType = sourcecode.swift; path = Constants.swift; sourceTree = "<group>"; };
/* End PBXFileReference section */

/* Begin PBXFrameworksBuildPhase section */
		113AE6BE2543D40700A477F7 /* Frameworks */ = {
			isa = PBXFrameworksBuildPhase;
			buildActionMask = 2147483647;
			files = (
			);
			runOnlyForDeploymentPostprocessing = 0;
		};
/* End PBXFrameworksBuildPhase section */

/* Begin PBXGroup section */
		113AE6B82543D40700A477F7 = {
			isa = PBXGroup;
			children = (
				113AE6DA2543ED1A00A477F7 /* README.md */,
				113AE6C32543D40700A477F7 /* FindBottleNeck */,
				113AE6C22543D40700A477F7 /* Products */,
			);
			sourceTree = "<group>";
		};
		113AE6C22543D40700A477F7 /* Products */ = {
			isa = PBXGroup;
			children = (
				113AE6C12543D40700A477F7 /* FindBottleNeck.app */,
			);
			name = Products;
			sourceTree = "<group>";
		};
		113AE6C32543D40700A477F7 /* FindBottleNeck */ = {
			isa = PBXGroup;
			children = (
				113AE6C42543D40700A477F7 /* AppDelegate.swift */,
				113AE6D82543EAA700A477F7 /* SyncModule.swift */,
				113AE6DC2543ED8300A477F7 /* Constants.swift */,
				113AE6C62543D40700A477F7 /* SceneDelegate.swift */,
				113AE6C82543D40700A477F7 /* ContentView.swift */,
				113AE6CA2543D40800A477F7 /* Assets.xcassets */,
				113AE6CF2543D40800A477F7 /* LaunchScreen.storyboard */,
				113AE6D22543D40800A477F7 /* Info.plist */,
				113AE6CC2543D40800A477F7 /* Preview Content */,
			);
			path = FindBottleNeck;
			sourceTree = "<group>";
		};
		113AE6CC2543D40800A477F7 /* Preview Content */ = {
			isa = PBXGroup;
			children = (
				113AE6CD2543D40800A477F7 /* Preview Assets.xcassets */,
			);
			path = "Preview Content";
			sourceTree = "<group>";
		};
/* End PBXGroup section */

/* Begin PBXNativeTarget section */
		113AE6C02543D40700A477F7 /* FindBottleNeck */ = {
			isa = PBXNativeTarget;
			buildConfigurationList = 113AE6D52543D40800A477F7 /* Build configuration list for PBXNativeTarget "FindBottleNeck" */;
			buildPhases = (
				113AE6BD2543D40700A477F7 /* Sources */,
				113AE6BE2543D40700A477F7 /* Frameworks */,
				113AE6BF2543D40700A477F7 /* Resources */,
			);
			buildRules = (
			);
			dependencies = (
			);
			name = FindBottleNeck;
			productName = FindBottleNeck;
			productReference = 113AE6C12543D40700A477F7 /* FindBottleNeck.app */;
			productType = "com.apple.product-type.application";
		};
/* End PBXNativeTarget section */

/* Begin PBXProject section */
		113AE6B92543D40700A477F7 /* Project object */ = {
			isa = PBXProject;
			attributes = {
				LastSwiftUpdateCheck = 1160;
				LastUpgradeCheck = 1160;
				ORGANIZATIONNAME = rainist;
				TargetAttributes = {
					113AE6C02543D40700A477F7 = {
						CreatedOnToolsVersion = 11.6;
					};
				};
			};
			buildConfigurationList = 113AE6BC2543D40700A477F7 /* Build configuration list for PBXProject "FindBottleNeck" */;
			compatibilityVersion = "Xcode 9.3";
			developmentRegion = en;
			hasScannedForEncodings = 0;
			knownRegions = (
				en,
				Base,
			);
			mainGroup = 113AE6B82543D40700A477F7;
			productRefGroup = 113AE6C22543D40700A477F7 /* Products */;
			projectDirPath = "";
			projectRoot = "";
			targets = (
				113AE6C02543D40700A477F7 /* FindBottleNeck */,
			);
		};
/* End PBXProject section */

/* Begin PBXResourcesBuildPhase section */
		113AE6BF2543D40700A477F7 /* Resources */ = {
			isa = PBXResourcesBuildPhase;
			buildActionMask = 2147483647;
			files = (
				113AE6D12543D40800A477F7 /* LaunchScreen.storyboard in Resources */,
				113AE6CE2543D40800A477F7 /* Preview Assets.xcassets in Resources */,
				113AE6DB2543ED1A00A477F7 /* README.md in Resources */,
				113AE6CB2543D40800A477F7 /* Assets.xcassets in Resources */,
			);
			runOnlyForDeploymentPostprocessing = 0;
		};
/* End PBXResourcesBuildPhase section */

/* Begin PBXSourcesBuildPhase section */
		113AE6BD2543D40700A477F7 /* Sources */ = {
			isa = PBXSourcesBuildPhase;
			buildActionMask = 2147483647;
			files = (
				113AE6DD2543ED8300A477F7 /* Constants.swift in Sources */,
				113AE6C52543D40700A477F7 /* AppDelegate.swift in Sources */,
				113AE6C72543D40700A477F7 /* SceneDelegate.swift in Sources */,
				113AE6D92543EAA700A477F7 /* SyncModule.swift in Sources */,
				113AE6C92543D40700A477F7 /* ContentView.swift in Sources */,
			);
			runOnlyForDeploymentPostprocessing = 0;
		};
/* End PBXSourcesBuildPhase section */

/* Begin PBXVariantGroup section */
		113AE6CF2543D40800A477F7 /* LaunchScreen.storyboard */ = {
			isa = PBXVariantGroup;
			children = (
				113AE6D02543D40800A477F7 /* Base */,
			);
			name = LaunchScreen.storyboard;
			sourceTree = "<group>";
		};
/* End PBXVariantGroup section */

/* Begin XCBuildConfiguration section */
		113AE6D32543D40800A477F7 /* Debug */ = {
			isa = XCBuildConfiguration;
			buildSettings = {
				ALWAYS_SEARCH_USER_PATHS = NO;
				CLANG_ANALYZER_NONNULL = YES;
				CLANG_ANALYZER_NUMBER_OBJECT_CONVERSION = YES_AGGRESSIVE;
				CLANG_CXX_LANGUAGE_STANDARD = "gnu++14";
				CLANG_CXX_LIBRARY = "libc++";
				CLANG_ENABLE_MODULES = YES;
				CLANG_ENABLE_OBJC_ARC = YES;
				CLANG_ENABLE_OBJC_WEAK = YES;
				CLANG_WARN_BLOCK_CAPTURE_AUTORELEASING = YES;
				CLANG_WARN_BOOL_CONVERSION = YES;
				CLANG_WARN_COMMA = YES;
				CLANG_WARN_CONSTANT_CONVERSION = YES;
				CLANG_WARN_DEPRECATED_OBJC_IMPLEMENTATIONS = YES;
				CLANG_WARN_DIRECT_OBJC_ISA_USAGE = YES_ERROR;
				CLANG_WARN_DOCUMENTATION_COMMENTS = YES;
				CLANG_WARN_EMPTY_BODY = YES;
				CLANG_WARN_ENUM_CONVERSION = YES;
				CLANG_WARN_INFINITE_RECURSION = YES;
				CLANG_WARN_INT_CONVERSION = YES;
				CLANG_WARN_NON_LITERAL_NULL_CONVERSION = YES;
				CLANG_WARN_OBJC_IMPLICIT_RETAIN_SELF = YES;
				CLANG_WARN_OBJC_LITERAL_CONVERSION = YES;
				CLANG_WARN_OBJC_ROOT_CLASS = YES_ERROR;
				CLANG_WARN_RANGE_LOOP_ANALYSIS = YES;
				CLANG_WARN_STRICT_PROTOTYPES = YES;
				CLANG_WARN_SUSPICIOUS_MOVE = YES;
				CLANG_WARN_UNGUARDED_AVAILABILITY = YES_AGGRESSIVE;
				CLANG_WARN_UNREACHABLE_CODE = YES;
				CLANG_WARN__DUPLICATE_METHOD_MATCH = YES;
				COPY_PHASE_STRIP = NO;
				DEBUG_INFORMATION_FORMAT = dwarf;
				ENABLE_STRICT_OBJC_MSGSEND = YES;
				ENABLE_TESTABILITY = YES;
				GCC_C_LANGUAGE_STANDARD = gnu11;
				GCC_DYNAMIC_NO_PIC = NO;
				GCC_NO_COMMON_BLOCKS = YES;
				GCC_OPTIMIZATION_LEVEL = 0;
				GCC_PREPROCESSOR_DEFINITIONS = (
					"DEBUG=1",
					"$(inherited)",
				);
				GCC_WARN_64_TO_32_BIT_CONVERSION = YES;
				GCC_WARN_ABOUT_RETURN_TYPE = YES_ERROR;
				GCC_WARN_UNDECLARED_SELECTOR = YES;
				GCC_WARN_UNINITIALIZED_AUTOS = YES_AGGRESSIVE;
				GCC_WARN_UNUSED_FUNCTION = YES;
				GCC_WARN_UNUSED_VARIABLE = YES;
				IPHONEOS_DEPLOYMENT_TARGET = 13.6;
				MTL_ENABLE_DEBUG_INFO = INCLUDE_SOURCE;
				MTL_FAST_MATH = YES;
				ONLY_ACTIVE_ARCH = YES;
				SDKROOT = iphoneos;
				SWIFT_ACTIVE_COMPILATION_CONDITIONS = DEBUG;
				SWIFT_OPTIMIZATION_LEVEL = "-Onone";
			};
			name = Debug;
		};
		113AE6D42543D40800A477F7 /* Release */ = {
			isa = XCBuildConfiguration;
			buildSettings = {
				ALWAYS_SEARCH_USER_PATHS = NO;
				CLANG_ANALYZER_NONNULL = YES;
				CLANG_ANALYZER_NUMBER_OBJECT_CONVERSION = YES_AGGRESSIVE;
				CLANG_CXX_LANGUAGE_STANDARD = "gnu++14";
				CLANG_CXX_LIBRARY = "libc++";
				CLANG_ENABLE_MODULES = YES;
				CLANG_ENABLE_OBJC_ARC = YES;
				CLANG_ENABLE_OBJC_WEAK = YES;
				CLANG_WARN_BLOCK_CAPTURE_AUTORELEASING = YES;
				CLANG_WARN_BOOL_CONVERSION = YES;
				CLANG_WARN_COMMA = YES;
				CLANG_WARN_CONSTANT_CONVERSION = YES;
				CLANG_WARN_DEPRECATED_OBJC_IMPLEMENTATIONS = YES;
				CLANG_WARN_DIRECT_OBJC_ISA_USAGE = YES_ERROR;
				CLANG_WARN_DOCUMENTATION_COMMENTS = YES;
				CLANG_WARN_EMPTY_BODY = YES;
				CLANG_WARN_ENUM_CONVERSION = YES;
				CLANG_WARN_INFINITE_RECURSION = YES;
				CLANG_WARN_INT_CONVERSION = YES;
				CLANG_WARN_NON_LITERAL_NULL_CONVERSION = YES;
				CLANG_WARN_OBJC_IMPLICIT_RETAIN_SELF = YES;
				CLANG_WARN_OBJC_LITERAL_CONVERSION = YES;
				CLANG_WARN_OBJC_ROOT_CLASS = YES_ERROR;
				CLANG_WARN_RANGE_LOOP_ANALYSIS = YES;
				CLANG_WARN_STRICT_PROTOTYPES = YES;
				CLANG_WARN_SUSPICIOUS_MOVE = YES;
				CLANG_WARN_UNGUARDED_AVAILABILITY = YES_AGGRESSIVE;
				CLANG_WARN_UNREACHABLE_CODE = YES;
				CLANG_WARN__DUPLICATE_METHOD_MATCH = YES;
				COPY_PHASE_STRIP = NO;
				DEBUG_INFORMATION_FORMAT = "dwarf-with-dsym";
				ENABLE_NS_ASSERTIONS = NO;
				ENABLE_STRICT_OBJC_MSGSEND = YES;
				GCC_C_LANGUAGE_STANDARD = gnu11;
				GCC_NO_COMMON_BLOCKS = YES;
				GCC_WARN_64_TO_32_BIT_CONVERSION = YES;
				GCC_WARN_ABOUT_RETURN_TYPE = YES_ERROR;
				GCC_WARN_UNDECLARED_SELECTOR = YES;
				GCC_WARN_UNINITIALIZED_AUTOS = YES_AGGRESSIVE;
				GCC_WARN_UNUSED_FUNCTION = YES;
				GCC_WARN_UNUSED_VARIABLE = YES;
				IPHONEOS_DEPLOYMENT_TARGET = 13.6;
				MTL_ENABLE_DEBUG_INFO = NO;
				MTL_FAST_MATH = YES;
				SDKROOT = iphoneos;
				SWIFT_COMPILATION_MODE = wholemodule;
				SWIFT_OPTIMIZATION_LEVEL = "-O";
				VALIDATE_PRODUCT = YES;
			};
			name = Release;
		};
		113AE6D62543D40800A477F7 /* Debug */ = {
			isa = XCBuildConfiguration;
			buildSettings = {
				ASSETCATALOG_COMPILER_APPICON_NAME = AppIcon;
				CODE_SIGN_STYLE = Automatic;
				DEVELOPMENT_ASSET_PATHS = "\"FindBottleNeck/Preview Content\"";
				DEVELOPMENT_TEAM = HGVFAJJ255;
				ENABLE_PREVIEWS = YES;
				INFOPLIST_FILE = FindBottleNeck/Info.plist;
				LD_RUNPATH_SEARCH_PATHS = (
					"$(inherited)",
					"@executable_path/Frameworks",
				);
				PRODUCT_BUNDLE_IDENTIFIER = com.rainist.banksalad2.FindBottleNeck;
				PRODUCT_NAME = "$(TARGET_NAME)";
				SWIFT_VERSION = 5.0;
				TARGETED_DEVICE_FAMILY = "1,2";
			};
			name = Debug;
		};
		113AE6D72543D40800A477F7 /* Release */ = {
			isa = XCBuildConfiguration;
			buildSettings = {
				ASSETCATALOG_COMPILER_APPICON_NAME = AppIcon;
				CODE_SIGN_STYLE = Automatic;
				DEVELOPMENT_ASSET_PATHS = "\"FindBottleNeck/Preview Content\"";
				DEVELOPMENT_TEAM = HGVFAJJ255;
				ENABLE_PREVIEWS = YES;
				INFOPLIST_FILE = FindBottleNeck/Info.plist;
				LD_RUNPATH_SEARCH_PATHS = (
					"$(inherited)",
					"@executable_path/Frameworks",
				);
				PRODUCT_BUNDLE_IDENTIFIER = com.rainist.banksalad2.FindBottleNeck;
				PRODUCT_NAME = "$(TARGET_NAME)";
				SWIFT_VERSION = 5.0;
				TARGETED_DEVICE_FAMILY = "1,2";
			};
			name = Release;
		};
/* End XCBuildConfiguration section */

/* Begin XCConfigurationList section */
		113AE6BC2543D40700A477F7 /* Build configuration list for PBXProject "FindBottleNeck" */ = {
			isa = XCConfigurationList;
			buildConfigurations = (
				113AE6D32543D40800A477F7 /* Debug */,
				113AE6D42543D40800A477F7 /* Release */,
			);
			defaultConfigurationIsVisible = 0;
			defaultConfigurationName = Release;
		};
		113AE6D52543D40800A477F7 /* Build configuration list for PBXNativeTarget "FindBottleNeck" */ = {
			isa = XCConfigurationList;
			buildConfigurations = (
				113AE6D62543D40800A477F7 /* Debug */,
				113AE6D72543D40800A477F7 /* Release */,
			);
			defaultConfigurationIsVisible = 0;
			defaultConfigurationName = Release;
		};
/* End XCConfigurationList section */
	};
	rootObject = 113AE6B92543D40700A477F7 /* Project object */;
}
